# This file is automatically @generated by Cargo.
# It is not intended for manual editing.
version = 4

[[package]]
name = "fabrica"
version = "0.1.0"

[[package]]
name = "lingua"
version = "0.1.0"

[[package]]
name = "litterae"
version = "0.1.0"

[[package]]
name = "nuntius"
version = "0.1.0"
dependencies = [
 "lingua",
]

[[package]]
name = "ratio"
version = "0.1.0"
